{
  "name": "atmega-baremetal-evals",
  "lockfileVersion": 3,
  "requires": true,
  "packages": {
    "": {
      "name": "atmega-baremetal-evals",
      "license": "0BSD",
      "devDependencies": {
        "@wokwi/diagram-lint": "^0.1.1",
        "avr8js": "^0.21.1",
        "intel-hex": "^0.2.0"
      }
    },
    "node_modules/@wokwi/diagram-lint": {
      "version": "0.1.1",
      "resolved": "https://registry.npmjs.org/@wokwi/diagram-lint/-/diagram-lint-0.1.1.tgz",
      "integrity": "sha512-9MuJTLmcsu2gZrzmGMkQkld8sd2uHMDaVHod+WRyAQLRSLbGyJA4auT05r3Gum8MDGyOhaj+apaO5Ij/mgP1Yw==",
      "dev": true,
      "license": "ISC"
    },
    "node_modules/avr8js": {
      "version": "0.21.1",
      "resolved": "https://registry.npmjs.org/avr8js/-/avr8js-0.21.1.tgz",
      "integrity": "sha512-lS1vPaB0gB2GXoPrHFQOUG/5CRORjvnmjbs8SiPZdJpt4HkV0+v6HnNeXxo/X9lPqumqphls2Qyql8zsw9rBaw==",
      "dev": true,
      "license": "MIT",
      "engines": {
        "node": ">= 20.19.0",
        "npm": ">= 10.0.0"
      }
    },
    "node_modules/intel-hex": {
      "version": "0.2.0",
      "resolved": "https://registry.npmjs.org/intel-hex/-/intel-hex-0.2.0.tgz",
      "integrity": "sha512-PJNkAm4N32VjcP7D14q1M+y/en/VlhqFyeaGiEhW/L9gPa7Lv+7vAcVlVBamKMfk6cZCcA9dTvHVXahcOxKzlw==",
      "dev": true,
      "license": "MIT"
    }
  }
}
